
Microsoft Visual Studio Solution File, Format Version 12.00
# Visual Studio 15
VisualStudioVersion = 15.0.28307.572
MinimumVisualStudioVersion = 10.0.40219.1
Project("{FAE04EC0-301F-11D3-BF4B-00C04F79EFBC}") = "bookinformationkeeper", "bookinformationkeeper\bookinformationkeeper.csproj", "{42A4A8CB-08EA-42DF-BA47-D464959E6CBC}"
EndProject
Global
	GlobalSection(SolutionConfigurationPlatforms) = preSolution
		Debug|Any CPU = Debug|Any CPU
		Release|Any CPU = Release|Any CPU
	EndGlobalSection
	GlobalSection(ProjectConfigurationPlatforms) = postSolution
		{42A4A8CB-08EA-42DF-BA47-D464959E6CBC}.Debug|Any CPU.ActiveCfg = Debug|Any CPU
		{42A4A8CB-08EA-42DF-BA47-D464959E6CBC}.Debug|Any CPU.Build.0 = Debug|Any CPU
		{42A4A8CB-08EA-42DF-BA47-D464959E6CBC}.Release|Any CPU.ActiveCfg = Release|Any CPU
		{42A4A8CB-08EA-42DF-BA47-D464959E6CBC}.Release|Any CPU.Build.0 = Release|Any CPU
	EndGlobalSection
	GlobalSection(SolutionProperties) = preSolution
		HideSolutionNode = FALSE
	EndGlobalSection
	GlobalSection(ExtensibilityGlobals) = postSolution
		SolutionGuid = {36C6A66D-26F9-4D19-92D9-516F7E1733A5}
	EndGlobalSection
EndGlobal
