
Microsoft Visual Studio Solution File, Format Version 12.00
# Visual Studio 15
VisualStudioVersion = 15.0.28307.852
MinimumVisualStudioVersion = 10.0.40219.1
Project("{FAE04EC0-301F-11D3-BF4B-00C04F79EFBC}") = "problem4", "problem4\problem4.csproj", "{93D55789-298B-4A3F-80DD-BAC0768C1271}"
EndProject
Global
	GlobalSection(SolutionConfigurationPlatforms) = preSolution
		Debug|Any CPU = Debug|Any CPU
		Release|Any CPU = Release|Any CPU
	EndGlobalSection
	GlobalSection(ProjectConfigurationPlatforms) = postSolution
		{93D55789-298B-4A3F-80DD-BAC0768C1271}.Debug|Any CPU.ActiveCfg = Debug|Any CPU
		{93D55789-298B-4A3F-80DD-BAC0768C1271}.Debug|Any CPU.Build.0 = Debug|Any CPU
		{93D55789-298B-4A3F-80DD-BAC0768C1271}.Release|Any CPU.ActiveCfg = Release|Any CPU
		{93D55789-298B-4A3F-80DD-BAC0768C1271}.Release|Any CPU.Build.0 = Release|Any CPU
	EndGlobalSection
	GlobalSection(SolutionProperties) = preSolution
		HideSolutionNode = FALSE
	EndGlobalSection
	GlobalSection(ExtensibilityGlobals) = postSolution
		SolutionGuid = {391AF855-CEDE-4596-A12F-4322E74C2683}
	EndGlobalSection
EndGlobal
