
Microsoft Visual Studio Solution File, Format Version 12.00
# Visual Studio 15
VisualStudioVersion = 15.0.28307.572
MinimumVisualStudioVersion = 10.0.40219.1
Project("{FAE04EC0-301F-11D3-BF4B-00C04F79EFBC}") = "inputname", "inputname\inputname.csproj", "{81039FD5-3C2D-4208-BD50-A22D46851F3C}"
EndProject
Global
	GlobalSection(SolutionConfigurationPlatforms) = preSolution
		Debug|Any CPU = Debug|Any CPU
		Release|Any CPU = Release|Any CPU
	EndGlobalSection
	GlobalSection(ProjectConfigurationPlatforms) = postSolution
		{81039FD5-3C2D-4208-BD50-A22D46851F3C}.Debug|Any CPU.ActiveCfg = Debug|Any CPU
		{81039FD5-3C2D-4208-BD50-A22D46851F3C}.Debug|Any CPU.Build.0 = Debug|Any CPU
		{81039FD5-3C2D-4208-BD50-A22D46851F3C}.Release|Any CPU.ActiveCfg = Release|Any CPU
		{81039FD5-3C2D-4208-BD50-A22D46851F3C}.Release|Any CPU.Build.0 = Release|Any CPU
	EndGlobalSection
	GlobalSection(SolutionProperties) = preSolution
		HideSolutionNode = FALSE
	EndGlobalSection
	GlobalSection(ExtensibilityGlobals) = postSolution
		SolutionGuid = {1CDD0F91-BB5B-4336-A040-2DEBAD127253}
	EndGlobalSection
EndGlobal
