
Microsoft Visual Studio Solution File, Format Version 12.00
# Visual Studio 15
VisualStudioVersion = 15.0.28307.852
MinimumVisualStudioVersion = 10.0.40219.1
Project("{FAE04EC0-301F-11D3-BF4B-00C04F79EFBC}") = "nameAdd", "nameAdd\nameAdd.csproj", "{0B9912B0-D642-4FC0-B5CC-CB2EEEE44E62}"
EndProject
Global
	GlobalSection(SolutionConfigurationPlatforms) = preSolution
		Debug|Any CPU = Debug|Any CPU
		Release|Any CPU = Release|Any CPU
	EndGlobalSection
	GlobalSection(ProjectConfigurationPlatforms) = postSolution
		{0B9912B0-D642-4FC0-B5CC-CB2EEEE44E62}.Debug|Any CPU.ActiveCfg = Debug|Any CPU
		{0B9912B0-D642-4FC0-B5CC-CB2EEEE44E62}.Debug|Any CPU.Build.0 = Debug|Any CPU
		{0B9912B0-D642-4FC0-B5CC-CB2EEEE44E62}.Release|Any CPU.ActiveCfg = Release|Any CPU
		{0B9912B0-D642-4FC0-B5CC-CB2EEEE44E62}.Release|Any CPU.Build.0 = Release|Any CPU
	EndGlobalSection
	GlobalSection(SolutionProperties) = preSolution
		HideSolutionNode = FALSE
	EndGlobalSection
	GlobalSection(ExtensibilityGlobals) = postSolution
		SolutionGuid = {E11AA7EE-8612-4BC2-9C1D-204298315D34}
	EndGlobalSection
EndGlobal
