
Microsoft Visual Studio Solution File, Format Version 12.00
# Visual Studio 15
VisualStudioVersion = 15.0.28307.852
MinimumVisualStudioVersion = 10.0.40219.1
Project("{FAE04EC0-301F-11D3-BF4B-00C04F79EFBC}") = "Problem4App", "Problem4App\Problem4App.csproj", "{A3B3F077-EA1F-4CB5-96F9-70E57B89F66B}"
EndProject
Global
	GlobalSection(SolutionConfigurationPlatforms) = preSolution
		Debug|Any CPU = Debug|Any CPU
		Release|Any CPU = Release|Any CPU
	EndGlobalSection
	GlobalSection(ProjectConfigurationPlatforms) = postSolution
		{A3B3F077-EA1F-4CB5-96F9-70E57B89F66B}.Debug|Any CPU.ActiveCfg = Debug|Any CPU
		{A3B3F077-EA1F-4CB5-96F9-70E57B89F66B}.Debug|Any CPU.Build.0 = Debug|Any CPU
		{A3B3F077-EA1F-4CB5-96F9-70E57B89F66B}.Release|Any CPU.ActiveCfg = Release|Any CPU
		{A3B3F077-EA1F-4CB5-96F9-70E57B89F66B}.Release|Any CPU.Build.0 = Release|Any CPU
	EndGlobalSection
	GlobalSection(SolutionProperties) = preSolution
		HideSolutionNode = FALSE
	EndGlobalSection
	GlobalSection(ExtensibilityGlobals) = postSolution
		SolutionGuid = {27FE99B2-A874-4724-A734-24088312A882}
	EndGlobalSection
EndGlobal
