
Microsoft Visual Studio Solution File, Format Version 12.00
# Visual Studio 15
VisualStudioVersion = 15.0.28307.852
MinimumVisualStudioVersion = 10.0.40219.1
Project("{FAE04EC0-301F-11D3-BF4B-00C04F79EFBC}") = "Association OnetoMany", "Association OnetoMany\Association OnetoMany.csproj", "{B4F68C33-3FFD-42B2-A1C0-084FAEA79FDE}"
EndProject
Global
	GlobalSection(SolutionConfigurationPlatforms) = preSolution
		Debug|Any CPU = Debug|Any CPU
		Release|Any CPU = Release|Any CPU
	EndGlobalSection
	GlobalSection(ProjectConfigurationPlatforms) = postSolution
		{B4F68C33-3FFD-42B2-A1C0-084FAEA79FDE}.Debug|Any CPU.ActiveCfg = Debug|Any CPU
		{B4F68C33-3FFD-42B2-A1C0-084FAEA79FDE}.Debug|Any CPU.Build.0 = Debug|Any CPU
		{B4F68C33-3FFD-42B2-A1C0-084FAEA79FDE}.Release|Any CPU.ActiveCfg = Release|Any CPU
		{B4F68C33-3FFD-42B2-A1C0-084FAEA79FDE}.Release|Any CPU.Build.0 = Release|Any CPU
	EndGlobalSection
	GlobalSection(SolutionProperties) = preSolution
		HideSolutionNode = FALSE
	EndGlobalSection
	GlobalSection(ExtensibilityGlobals) = postSolution
		SolutionGuid = {58D4086B-39F1-4228-8283-6570E4976FDB}
	EndGlobalSection
EndGlobal
