
Microsoft Visual Studio Solution File, Format Version 12.00
# Visual Studio 15
VisualStudioVersion = 15.0.28307.572
MinimumVisualStudioVersion = 10.0.40219.1
Project("{FAE04EC0-301F-11D3-BF4B-00C04F79EFBC}") = "EmailKeeper", "EmailKeeper\EmailKeeper.csproj", "{F9AC79C5-3163-45C5-A577-D88E93BBF37E}"
EndProject
Global
	GlobalSection(SolutionConfigurationPlatforms) = preSolution
		Debug|Any CPU = Debug|Any CPU
		Release|Any CPU = Release|Any CPU
	EndGlobalSection
	GlobalSection(ProjectConfigurationPlatforms) = postSolution
		{F9AC79C5-3163-45C5-A577-D88E93BBF37E}.Debug|Any CPU.ActiveCfg = Debug|Any CPU
		{F9AC79C5-3163-45C5-A577-D88E93BBF37E}.Debug|Any CPU.Build.0 = Debug|Any CPU
		{F9AC79C5-3163-45C5-A577-D88E93BBF37E}.Release|Any CPU.ActiveCfg = Release|Any CPU
		{F9AC79C5-3163-45C5-A577-D88E93BBF37E}.Release|Any CPU.Build.0 = Release|Any CPU
	EndGlobalSection
	GlobalSection(SolutionProperties) = preSolution
		HideSolutionNode = FALSE
	EndGlobalSection
	GlobalSection(ExtensibilityGlobals) = postSolution
		SolutionGuid = {8A2C2741-EA54-4B8D-9EFF-750579A40568}
	EndGlobalSection
EndGlobal
